// !$*UTF8*$!
{
	archiveVersion = 1;
	classes = {
	};
	objectVersion = 56;
	objects = {

/* Begin PBXBuildFile section */
		14A43BC42BEC09E3006ECFF1 /* NewsView.swift in Sources */ = {isa = PBXBuildFile; fileRef = 14A43BC32BEC09E3006ECFF1 /* NewsView.swift */; };
		14A43BC62BEC0B32006ECFF1 /* FavoritesView.swift in Sources */ = {isa = PBXBuildFile; fileRef = 14A43BC52BEC0B32006ECFF1 /* FavoritesView.swift */; };
		14A43BC82BEC1B58006ECFF1 /* NewsAPI.swift in Sources */ = {isa = PBXBuildFile; fileRef = 14A43BC72BEC1B58006ECFF1 /* NewsAPI.swift */; };
		14A43BCB2BEC1E6A006ECFF1 /* Alamofire in Frameworks */ = {isa = PBXBuildFile; productRef = 14A43BCA2BEC1E6A006ECFF1 /* Alamofire */; };
		14A43BCD2BEC3891006ECFF1 /* Article.swift in Sources */ = {isa = PBXBuildFile; fileRef = 14A43BCC2BEC3891006ECFF1 /* Article.swift */; };
		14AD92C82BEECE68003D252A /* NewsAPIResponse.swift in Sources */ = {isa = PBXBuildFile; fileRef = 14AD92C72BEECE68003D252A /* NewsAPIResponse.swift */; };
		14AD92CA2BEF570F003D252A /* ArticleListView.swift in Sources */ = {isa = PBXBuildFile; fileRef = 14AD92C92BEF570F003D252A /* ArticleListView.swift */; };
		14AD92CC2BEF5840003D252A /* news.json in Resources */ = {isa = PBXBuildFile; fileRef = 14AD92CB2BEF5840003D252A /* news.json */; };
		14AD92CE2BEF60E1003D252A /* ArticleEachView.swift in Sources */ = {isa = PBXBuildFile; fileRef = 14AD92CD2BEF60E1003D252A /* ArticleEachView.swift */; };
		14AD92D02BEF6424003D252A /* InspectView.swift in Sources */ = {isa = PBXBuildFile; fileRef = 14AD92CF2BEF6424003D252A /* InspectView.swift */; };
		14AD92D62BEFAE3D003D252A /* WebView.swift in Sources */ = {isa = PBXBuildFile; fileRef = 14AD92D52BEFAE3D003D252A /* WebView.swift */; };
		14AD92D82BF1402A003D252A /* ArticleNewsVM.swift in Sources */ = {isa = PBXBuildFile; fileRef = 14AD92D72BF1402A003D252A /* ArticleNewsVM.swift */; };
		14E304662BEC003100EC957C /* appcentNewsApp.swift in Sources */ = {isa = PBXBuildFile; fileRef = 14E304652BEC003100EC957C /* appcentNewsApp.swift */; };
		14E304682BEC003100EC957C /* ContentView.swift in Sources */ = {isa = PBXBuildFile; fileRef = 14E304672BEC003100EC957C /* ContentView.swift */; };
		14E3046A2BEC003300EC957C /* Assets.xcassets in Resources */ = {isa = PBXBuildFile; fileRef = 14E304692BEC003300EC957C /* Assets.xcassets */; };
		14E3046D2BEC003300EC957C /* Preview Assets.xcassets in Resources */ = {isa = PBXBuildFile; fileRef = 14E3046C2BEC003300EC957C /* Preview Assets.xcassets */; };
		14FFEE402BF26D10000D59CB /* ArticleFavoritesVM.swift in Sources */ = {isa = PBXBuildFile; fileRef = 14FFEE3F2BF26D10000D59CB /* ArticleFavoritesVM.swift */; };
		14FFEE422BF27516000D59CB /* PlaceholderView.swift in Sources */ = {isa = PBXBuildFile; fileRef = 14FFEE412BF27516000D59CB /* PlaceholderView.swift */; };
		14FFEE442BF27773000D59CB /* DataStore.swift in Sources */ = {isa = PBXBuildFile; fileRef = 14FFEE432BF27773000D59CB /* DataStore.swift */; };
		14FFEE462BF281EF000D59CB /* ArticleSearchVM.swift in Sources */ = {isa = PBXBuildFile; fileRef = 14FFEE452BF281EF000D59CB /* ArticleSearchVM.swift */; };
/* End PBXBuildFile section */

/* Begin PBXFileReference section */
		14A43BC32BEC09E3006ECFF1 /* NewsView.swift */ = {isa = PBXFileReference; lastKnownFileType = sourcecode.swift; path = NewsView.swift; sourceTree = "<group>"; };
		14A43BC52BEC0B32006ECFF1 /* FavoritesView.swift */ = {isa = PBXFileReference; lastKnownFileType = sourcecode.swift; path = FavoritesView.swift; sourceTree = "<group>"; };
		14A43BC72BEC1B58006ECFF1 /* NewsAPI.swift */ = {isa = PBXFileReference; lastKnownFileType = sourcecode.swift; path = NewsAPI.swift; sourceTree = "<group>"; };
		14A43BCC2BEC3891006ECFF1 /* Article.swift */ = {isa = PBXFileReference; lastKnownFileType = sourcecode.swift; path = Article.swift; sourceTree = "<group>"; };
		14A43BCE2BED6C1C006ECFF1 /* Info.plist */ = {isa = PBXFileReference; lastKnownFileType = text.plist; path = Info.plist; sourceTree = "<group>"; };
		14AD92C72BEECE68003D252A /* NewsAPIResponse.swift */ = {isa = PBXFileReference; lastKnownFileType = sourcecode.swift; path = NewsAPIResponse.swift; sourceTree = "<group>"; };
		14AD92C92BEF570F003D252A /* ArticleListView.swift */ = {isa = PBXFileReference; lastKnownFileType = sourcecode.swift; path = ArticleListView.swift; sourceTree = "<group>"; };
		14AD92CB2BEF5840003D252A /* news.json */ = {isa = PBXFileReference; lastKnownFileType = text.json; path = news.json; sourceTree = "<group>"; };
		14AD92CD2BEF60E1003D252A /* ArticleEachView.swift */ = {isa = PBXFileReference; lastKnownFileType = sourcecode.swift; path = ArticleEachView.swift; sourceTree = "<group>"; };
		14AD92CF2BEF6424003D252A /* InspectView.swift */ = {isa = PBXFileReference; lastKnownFileType = sourcecode.swift; path = InspectView.swift; sourceTree = "<group>"; };
		14AD92D52BEFAE3D003D252A /* WebView.swift */ = {isa = PBXFileReference; lastKnownFileType = sourcecode.swift; path = WebView.swift; sourceTree = "<group>"; };
		14AD92D72BF1402A003D252A /* ArticleNewsVM.swift */ = {isa = PBXFileReference; lastKnownFileType = sourcecode.swift; path = ArticleNewsVM.swift; sourceTree = "<group>"; };
		14E304622BEC003100EC957C /* appcentNews.app */ = {isa = PBXFileReference; explicitFileType = wrapper.application; includeInIndex = 0; path = appcentNews.app; sourceTree = BUILT_PRODUCTS_DIR; };
		14E304652BEC003100EC957C /* appcentNewsApp.swift */ = {isa = PBXFileReference; lastKnownFileType = sourcecode.swift; path = appcentNewsApp.swift; sourceTree = "<group>"; };
		14E304672BEC003100EC957C /* ContentView.swift */ = {isa = PBXFileReference; lastKnownFileType = sourcecode.swift; path = ContentView.swift; sourceTree = "<group>"; };
		14E304692BEC003300EC957C /* Assets.xcassets */ = {isa = PBXFileReference; lastKnownFileType = folder.assetcatalog; path = Assets.xcassets; sourceTree = "<group>"; };
		14E3046C2BEC003300EC957C /* Preview Assets.xcassets */ = {isa = PBXFileReference; lastKnownFileType = folder.assetcatalog; path = "Preview Assets.xcassets"; sourceTree = "<group>"; };
		14FFEE3F2BF26D10000D59CB /* ArticleFavoritesVM.swift */ = {isa = PBXFileReference; lastKnownFileType = sourcecode.swift; path = ArticleFavoritesVM.swift; sourceTree = "<group>"; };
		14FFEE412BF27516000D59CB /* PlaceholderView.swift */ = {isa = PBXFileReference; lastKnownFileType = sourcecode.swift; path = PlaceholderView.swift; sourceTree = "<group>"; };
		14FFEE432BF27773000D59CB /* DataStore.swift */ = {isa = PBXFileReference; lastKnownFileType = sourcecode.swift; path = DataStore.swift; sourceTree = "<group>"; };
		14FFEE452BF281EF000D59CB /* ArticleSearchVM.swift */ = {isa = PBXFileReference; lastKnownFileType = sourcecode.swift; path = ArticleSearchVM.swift; sourceTree = "<group>"; };
/* End PBXFileReference section */

/* Begin PBXFrameworksBuildPhase section */
		14E3045F2BEC003100EC957C /* Frameworks */ = {
			isa = PBXFrameworksBuildPhase;
			buildActionMask = 2147483647;
			files = (
				14A43BCB2BEC1E6A006ECFF1 /* Alamofire in Frameworks */,
			);
			runOnlyForDeploymentPostprocessing = 0;
		};
/* End PBXFrameworksBuildPhase section */

/* Begin PBXGroup section */
		14A43BC02BEC05F6006ECFF1 /* Model */ = {
			isa = PBXGroup;
			children = (
				14A43BCC2BEC3891006ECFF1 /* Article.swift */,
				14AD92C72BEECE68003D252A /* NewsAPIResponse.swift */,
				14FFEE432BF27773000D59CB /* DataStore.swift */,
			);
			path = Model;
			sourceTree = "<group>";
		};
		14A43BC12BEC05FC006ECFF1 /* View */ = {
			isa = PBXGroup;
			children = (
				14E304672BEC003100EC957C /* ContentView.swift */,
				14A43BC32BEC09E3006ECFF1 /* NewsView.swift */,
				14A43BC52BEC0B32006ECFF1 /* FavoritesView.swift */,
				14AD92C92BEF570F003D252A /* ArticleListView.swift */,
				14AD92CD2BEF60E1003D252A /* ArticleEachView.swift */,
				14AD92CF2BEF6424003D252A /* InspectView.swift */,
				14AD92D52BEFAE3D003D252A /* WebView.swift */,
				14FFEE412BF27516000D59CB /* PlaceholderView.swift */,
			);
			path = View;
			sourceTree = "<group>";
		};
		14A43BC22BEC061A006ECFF1 /* Controller */ = {
			isa = PBXGroup;
			children = (
				14A43BC72BEC1B58006ECFF1 /* NewsAPI.swift */,
				14AD92D72BF1402A003D252A /* ArticleNewsVM.swift */,
				14FFEE3F2BF26D10000D59CB /* ArticleFavoritesVM.swift */,
				14FFEE452BF281EF000D59CB /* ArticleSearchVM.swift */,
			);
			path = Controller;
			sourceTree = "<group>";
		};
		14E304592BEC003100EC957C = {
			isa = PBXGroup;
			children = (
				14E304642BEC003100EC957C /* appcentNews */,
				14E304632BEC003100EC957C /* Products */,
			);
			sourceTree = "<group>";
		};
		14E304632BEC003100EC957C /* Products */ = {
			isa = PBXGroup;
			children = (
				14E304622BEC003100EC957C /* appcentNews.app */,
			);
			name = Products;
			sourceTree = "<group>";
		};
		14E304642BEC003100EC957C /* appcentNews */ = {
			isa = PBXGroup;
			children = (
				14A43BCE2BED6C1C006ECFF1 /* Info.plist */,
				14A43BC22BEC061A006ECFF1 /* Controller */,
				14A43BC12BEC05FC006ECFF1 /* View */,
				14A43BC02BEC05F6006ECFF1 /* Model */,
				14E304652BEC003100EC957C /* appcentNewsApp.swift */,
				14E304692BEC003300EC957C /* Assets.xcassets */,
				14E3046B2BEC003300EC957C /* Preview Content */,
			);
			path = appcentNews;
			sourceTree = "<group>";
		};
		14E3046B2BEC003300EC957C /* Preview Content */ = {
			isa = PBXGroup;
			children = (
				14E3046C2BEC003300EC957C /* Preview Assets.xcassets */,
				14AD92CB2BEF5840003D252A /* news.json */,
			);
			path = "Preview Content";
			sourceTree = "<group>";
		};
/* End PBXGroup section */

/* Begin PBXNativeTarget section */
		14E304612BEC003100EC957C /* appcentNews */ = {
			isa = PBXNativeTarget;
			buildConfigurationList = 14E304862BEC003400EC957C /* Build configuration list for PBXNativeTarget "appcentNews" */;
			buildPhases = (
				14E3045E2BEC003100EC957C /* Sources */,
				14E3045F2BEC003100EC957C /* Frameworks */,
				14E304602BEC003100EC957C /* Resources */,
			);
			buildRules = (
			);
			dependencies = (
			);
			name = appcentNews;
			packageProductDependencies = (
				14A43BCA2BEC1E6A006ECFF1 /* Alamofire */,
			);
			productName = appcentNews;
			productReference = 14E304622BEC003100EC957C /* appcentNews.app */;
			productType = "com.apple.product-type.application";
		};
/* End PBXNativeTarget section */

/* Begin PBXProject section */
		14E3045A2BEC003100EC957C /* Project object */ = {
			isa = PBXProject;
			attributes = {
				BuildIndependentTargetsInParallel = 1;
				LastSwiftUpdateCheck = 1530;
				LastUpgradeCheck = 1530;
				TargetAttributes = {
					14E304612BEC003100EC957C = {
						CreatedOnToolsVersion = 15.3;
					};
				};
			};
			buildConfigurationList = 14E3045D2BEC003100EC957C /* Build configuration list for PBXProject "appcentNews" */;
			compatibilityVersion = "Xcode 14.0";
			developmentRegion = en;
			hasScannedForEncodings = 0;
			knownRegions = (
				en,
				Base,
				tr,
			);
			mainGroup = 14E304592BEC003100EC957C;
			packageReferences = (
				14A43BC92BEC1E6A006ECFF1 /* XCRemoteSwiftPackageReference "Alamofire" */,
			);
			productRefGroup = 14E304632BEC003100EC957C /* Products */;
			projectDirPath = "";
			projectRoot = "";
			targets = (
				14E304612BEC003100EC957C /* appcentNews */,
			);
		};
/* End PBXProject section */

/* Begin PBXResourcesBuildPhase section */
		14E304602BEC003100EC957C /* Resources */ = {
			isa = PBXResourcesBuildPhase;
			buildActionMask = 2147483647;
			files = (
				14AD92CC2BEF5840003D252A /* news.json in Resources */,
				14E3046D2BEC003300EC957C /* Preview Assets.xcassets in Resources */,
				14E3046A2BEC003300EC957C /* Assets.xcassets in Resources */,
			);
			runOnlyForDeploymentPostprocessing = 0;
		};
/* End PBXResourcesBuildPhase section */

/* Begin PBXSourcesBuildPhase section */
		14E3045E2BEC003100EC957C /* Sources */ = {
			isa = PBXSourcesBuildPhase;
			buildActionMask = 2147483647;
			files = (
				14A43BC62BEC0B32006ECFF1 /* FavoritesView.swift in Sources */,
				14A43BC42BEC09E3006ECFF1 /* NewsView.swift in Sources */,
				14AD92D82BF1402A003D252A /* ArticleNewsVM.swift in Sources */,
				14AD92CE2BEF60E1003D252A /* ArticleEachView.swift in Sources */,
				14AD92C82BEECE68003D252A /* NewsAPIResponse.swift in Sources */,
				14AD92CA2BEF570F003D252A /* ArticleListView.swift in Sources */,
				14A43BCD2BEC3891006ECFF1 /* Article.swift in Sources */,
				14FFEE402BF26D10000D59CB /* ArticleFavoritesVM.swift in Sources */,
				14A43BC82BEC1B58006ECFF1 /* NewsAPI.swift in Sources */,
				14AD92D02BEF6424003D252A /* InspectView.swift in Sources */,
				14E304682BEC003100EC957C /* ContentView.swift in Sources */,
				14E304662BEC003100EC957C /* appcentNewsApp.swift in Sources */,
				14FFEE422BF27516000D59CB /* PlaceholderView.swift in Sources */,
				14FFEE462BF281EF000D59CB /* ArticleSearchVM.swift in Sources */,
				14FFEE442BF27773000D59CB /* DataStore.swift in Sources */,
				14AD92D62BEFAE3D003D252A /* WebView.swift in Sources */,
			);
			runOnlyForDeploymentPostprocessing = 0;
		};
/* End PBXSourcesBuildPhase section */

/* Begin XCBuildConfiguration section */
		14E304842BEC003400EC957C /* Debug */ = {
			isa = XCBuildConfiguration;
			buildSettings = {
				ALWAYS_SEARCH_USER_PATHS = NO;
				ASSETCATALOG_COMPILER_GENERATE_SWIFT_ASSET_SYMBOL_EXTENSIONS = YES;
				CLANG_ANALYZER_NONNULL = YES;
				CLANG_ANALYZER_NUMBER_OBJECT_CONVERSION = YES_AGGRESSIVE;
				CLANG_CXX_LANGUAGE_STANDARD = "gnu++20";
				CLANG_ENABLE_MODULES = YES;
				CLANG_ENABLE_OBJC_ARC = YES;
				CLANG_ENABLE_OBJC_WEAK = YES;
				CLANG_WARN_BLOCK_CAPTURE_AUTORELEASING = YES;
				CLANG_WARN_BOOL_CONVERSION = YES;
				CLANG_WARN_COMMA = YES;
				CLANG_WARN_CONSTANT_CONVERSION = YES;
				CLANG_WARN_DEPRECATED_OBJC_IMPLEMENTATIONS = YES;
				CLANG_WARN_DIRECT_OBJC_ISA_USAGE = YES_ERROR;
				CLANG_WARN_DOCUMENTATION_COMMENTS = YES;
				CLANG_WARN_EMPTY_BODY = YES;
				CLANG_WARN_ENUM_CONVERSION = YES;
				CLANG_WARN_INFINITE_RECURSION = YES;
				CLANG_WARN_INT_CONVERSION = YES;
				CLANG_WARN_NON_LITERAL_NULL_CONVERSION = YES;
				CLANG_WARN_OBJC_IMPLICIT_RETAIN_SELF = YES;
				CLANG_WARN_OBJC_LITERAL_CONVERSION = YES;
				CLANG_WARN_OBJC_ROOT_CLASS = YES_ERROR;
				CLANG_WARN_QUOTED_INCLUDE_IN_FRAMEWORK_HEADER = YES;
				CLANG_WARN_RANGE_LOOP_ANALYSIS = YES;
				CLANG_WARN_STRICT_PROTOTYPES = YES;
				CLANG_WARN_SUSPICIOUS_MOVE = YES;
				CLANG_WARN_UNGUARDED_AVAILABILITY = YES_AGGRESSIVE;
				CLANG_WARN_UNREACHABLE_CODE = YES;
				CLANG_WARN__DUPLICATE_METHOD_MATCH = YES;
				COPY_PHASE_STRIP = NO;
				DEBUG_INFORMATION_FORMAT = dwarf;
				ENABLE_STRICT_OBJC_MSGSEND = YES;
				ENABLE_TESTABILITY = YES;
				ENABLE_USER_SCRIPT_SANDBOXING = YES;
				GCC_C_LANGUAGE_STANDARD = gnu17;
				GCC_DYNAMIC_NO_PIC = NO;
				GCC_NO_COMMON_BLOCKS = YES;
				GCC_OPTIMIZATION_LEVEL = 0;
				GCC_PREPROCESSOR_DEFINITIONS = (
					"DEBUG=1",
					"$(inherited)",
				);
				GCC_WARN_64_TO_32_BIT_CONVERSION = YES;
				GCC_WARN_ABOUT_RETURN_TYPE = YES_ERROR;
				GCC_WARN_UNDECLARED_SELECTOR = YES;
				GCC_WARN_UNINITIALIZED_AUTOS = YES_AGGRESSIVE;
				GCC_WARN_UNUSED_FUNCTION = YES;
				GCC_WARN_UNUSED_VARIABLE = YES;
				IPHONEOS_DEPLOYMENT_TARGET = 17.4;
				LOCALIZATION_PREFERS_STRING_CATALOGS = YES;
				MTL_ENABLE_DEBUG_INFO = INCLUDE_SOURCE;
				MTL_FAST_MATH = YES;
				NEWSAPI_KEY = e9a666f5918e426e8f3b1919fa5fc449;
				ONLY_ACTIVE_ARCH = YES;
				SDKROOT = iphoneos;
				SWIFT_ACTIVE_COMPILATION_CONDITIONS = "DEBUG $(inherited)";
				SWIFT_OPTIMIZATION_LEVEL = "-Onone";
			};
			name = Debug;
		};
		14E304852BEC003400EC957C /* Release */ = {
			isa = XCBuildConfiguration;
			buildSettings = {
				ALWAYS_SEARCH_USER_PATHS = NO;
				ASSETCATALOG_COMPILER_GENERATE_SWIFT_ASSET_SYMBOL_EXTENSIONS = YES;
				CLANG_ANALYZER_NONNULL = YES;
				CLANG_ANALYZER_NUMBER_OBJECT_CONVERSION = YES_AGGRESSIVE;
				CLANG_CXX_LANGUAGE_STANDARD = "gnu++20";
				CLANG_ENABLE_MODULES = YES;
				CLANG_ENABLE_OBJC_ARC = YES;
				CLANG_ENABLE_OBJC_WEAK = YES;
				CLANG_WARN_BLOCK_CAPTURE_AUTORELEASING = YES;
				CLANG_WARN_BOOL_CONVERSION = YES;
				CLANG_WARN_COMMA = YES;
				CLANG_WARN_CONSTANT_CONVERSION = YES;
				CLANG_WARN_DEPRECATED_OBJC_IMPLEMENTATIONS = YES;
				CLANG_WARN_DIRECT_OBJC_ISA_USAGE = YES_ERROR;
				CLANG_WARN_DOCUMENTATION_COMMENTS = YES;
				CLANG_WARN_EMPTY_BODY = YES;
				CLANG_WARN_ENUM_CONVERSION = YES;
				CLANG_WARN_INFINITE_RECURSION = YES;
				CLANG_WARN_INT_CONVERSION = YES;
				CLANG_WARN_NON_LITERAL_NULL_CONVERSION = YES;
				CLANG_WARN_OBJC_IMPLICIT_RETAIN_SELF = YES;
				CLANG_WARN_OBJC_LITERAL_CONVERSION = YES;
				CLANG_WARN_OBJC_ROOT_CLASS = YES_ERROR;
				CLANG_WARN_QUOTED_INCLUDE_IN_FRAMEWORK_HEADER = YES;
				CLANG_WARN_RANGE_LOOP_ANALYSIS = YES;
				CLANG_WARN_STRICT_PROTOTYPES = YES;
				CLANG_WARN_SUSPICIOUS_MOVE = YES;
				CLANG_WARN_UNGUARDED_AVAILABILITY = YES_AGGRESSIVE;
				CLANG_WARN_UNREACHABLE_CODE = YES;
				CLANG_WARN__DUPLICATE_METHOD_MATCH = YES;
				COPY_PHASE_STRIP = NO;
				DEBUG_INFORMATION_FORMAT = "dwarf-with-dsym";
				ENABLE_NS_ASSERTIONS = NO;
				ENABLE_STRICT_OBJC_MSGSEND = YES;
				ENABLE_USER_SCRIPT_SANDBOXING = YES;
				GCC_C_LANGUAGE_STANDARD = gnu17;
				GCC_NO_COMMON_BLOCKS = YES;
				GCC_WARN_64_TO_32_BIT_CONVERSION = YES;
				GCC_WARN_ABOUT_RETURN_TYPE = YES_ERROR;
				GCC_WARN_UNDECLARED_SELECTOR = YES;
				GCC_WARN_UNINITIALIZED_AUTOS = YES_AGGRESSIVE;
				GCC_WARN_UNUSED_FUNCTION = YES;
				GCC_WARN_UNUSED_VARIABLE = YES;
				IPHONEOS_DEPLOYMENT_TARGET = 17.4;
				LOCALIZATION_PREFERS_STRING_CATALOGS = YES;
				MTL_ENABLE_DEBUG_INFO = NO;
				MTL_FAST_MATH = YES;
				NEWSAPI_KEY = e9a666f5918e426e8f3b1919fa5fc449;
				SDKROOT = iphoneos;
				SWIFT_COMPILATION_MODE = wholemodule;
				VALIDATE_PRODUCT = YES;
			};
			name = Release;
		};
		14E304872BEC003400EC957C /* Debug */ = {
			isa = XCBuildConfiguration;
			buildSettings = {
				ASSETCATALOG_COMPILER_APPICON_NAME = AppIcon;
				ASSETCATALOG_COMPILER_GLOBAL_ACCENT_COLOR_NAME = AccentColor;
				CODE_SIGN_STYLE = Automatic;
				CURRENT_PROJECT_VERSION = 1;
				DEVELOPMENT_ASSET_PATHS = "\"appcentNews/Preview Content\"";
				DEVELOPMENT_TEAM = Q982S7K57N;
				ENABLE_PREVIEWS = YES;
				GENERATE_INFOPLIST_FILE = YES;
				INFOPLIST_FILE = appcentNews/Info.plist;
				INFOPLIST_KEY_UIApplicationSceneManifest_Generation = YES;
				INFOPLIST_KEY_UIApplicationSupportsIndirectInputEvents = YES;
				INFOPLIST_KEY_UILaunchScreen_Generation = YES;
				INFOPLIST_KEY_UISupportedInterfaceOrientations = UIInterfaceOrientationPortrait;
				LD_RUNPATH_SEARCH_PATHS = (
					"$(inherited)",
					"@executable_path/Frameworks",
				);
				MARKETING_VERSION = 1.0;
				PRODUCT_BUNDLE_IDENTIFIER = dev.girayaksakal.appcentNews;
				PRODUCT_NAME = "$(TARGET_NAME)";
				SWIFT_EMIT_LOC_STRINGS = YES;
				SWIFT_VERSION = 5.0;
				TARGETED_DEVICE_FAMILY = "1,2";
			};
			name = Debug;
		};
		14E304882BEC003400EC957C /* Release */ = {
			isa = XCBuildConfiguration;
			buildSettings = {
				ASSETCATALOG_COMPILER_APPICON_NAME = AppIcon;
				ASSETCATALOG_COMPILER_GLOBAL_ACCENT_COLOR_NAME = AccentColor;
				CODE_SIGN_STYLE = Automatic;
				CURRENT_PROJECT_VERSION = 1;
				DEVELOPMENT_ASSET_PATHS = "\"appcentNews/Preview Content\"";
				DEVELOPMENT_TEAM = Q982S7K57N;
				ENABLE_PREVIEWS = YES;
				GENERATE_INFOPLIST_FILE = YES;
				INFOPLIST_FILE = appcentNews/Info.plist;
				INFOPLIST_KEY_UIApplicationSceneManifest_Generation = YES;
				INFOPLIST_KEY_UIApplicationSupportsIndirectInputEvents = YES;
				INFOPLIST_KEY_UILaunchScreen_Generation = YES;
				INFOPLIST_KEY_UISupportedInterfaceOrientations = UIInterfaceOrientationPortrait;
				LD_RUNPATH_SEARCH_PATHS = (
					"$(inherited)",
					"@executable_path/Frameworks",
				);
				MARKETING_VERSION = 1.0;
				PRODUCT_BUNDLE_IDENTIFIER = dev.girayaksakal.appcentNews;
				PRODUCT_NAME = "$(TARGET_NAME)";
				SWIFT_EMIT_LOC_STRINGS = YES;
				SWIFT_VERSION = 5.0;
				TARGETED_DEVICE_FAMILY = "1,2";
			};
			name = Release;
		};
/* End XCBuildConfiguration section */

/* Begin XCConfigurationList section */
		14E3045D2BEC003100EC957C /* Build configuration list for PBXProject "appcentNews" */ = {
			isa = XCConfigurationList;
			buildConfigurations = (
				14E304842BEC003400EC957C /* Debug */,
				14E304852BEC003400EC957C /* Release */,
			);
			defaultConfigurationIsVisible = 0;
			defaultConfigurationName = Release;
		};
		14E304862BEC003400EC957C /* Build configuration list for PBXNativeTarget "appcentNews" */ = {
			isa = XCConfigurationList;
			buildConfigurations = (
				14E304872BEC003400EC957C /* Debug */,
				14E304882BEC003400EC957C /* Release */,
			);
			defaultConfigurationIsVisible = 0;
			defaultConfigurationName = Release;
		};
/* End XCConfigurationList section */

/* Begin XCRemoteSwiftPackageReference section */
		14A43BC92BEC1E6A006ECFF1 /* XCRemoteSwiftPackageReference "Alamofire" */ = {
			isa = XCRemoteSwiftPackageReference;
			repositoryURL = "https://github.com/Alamofire/Alamofire.git";
			requirement = {
				kind = upToNextMajorVersion;
				minimumVersion = 5.9.1;
			};
		};
/* End XCRemoteSwiftPackageReference section */

/* Begin XCSwiftPackageProductDependency section */
		14A43BCA2BEC1E6A006ECFF1 /* Alamofire */ = {
			isa = XCSwiftPackageProductDependency;
			package = 14A43BC92BEC1E6A006ECFF1 /* XCRemoteSwiftPackageReference "Alamofire" */;
			productName = Alamofire;
		};
/* End XCSwiftPackageProductDependency section */
	};
	rootObject = 14E3045A2BEC003100EC957C /* Project object */;
}
